
Microsoft Visual Studio Solution File, Format Version 12.00
# Visual Studio Version 16
VisualStudioVersion = 16.0.29911.84
MinimumVisualStudioVersion = 10.0.40219.1
Project("{9A19103F-16F7-4668-BE54-9A1E7A4F7556}") = "PathSearch", "PathSearch\PathSearch.csproj", "{AD932BC4-69E8-49C5-8CF7-6E87B3709CC0}"
EndProject
Project("{FAE04EC0-301F-11D3-BF4B-00C04F79EFBC}") = "Test", "Test\Test.csproj", "{8B521766-9226-4F54-8965-A64E04E52DCB}"
EndProject
Global
	GlobalSection(SolutionConfigurationPlatforms) = preSolution
		Debug|Any CPU = Debug|Any CPU
		Release|Any CPU = Release|Any CPU
	EndGlobalSection
	GlobalSection(ProjectConfigurationPlatforms) = postSolution
		{AD932BC4-69E8-49C5-8CF7-6E87B3709CC0}.Debug|Any CPU.ActiveCfg = Debug|Any CPU
		{AD932BC4-69E8-49C5-8CF7-6E87B3709CC0}.Debug|Any CPU.Build.0 = Debug|Any CPU
		{AD932BC4-69E8-49C5-8CF7-6E87B3709CC0}.Release|Any CPU.ActiveCfg = Release|Any CPU
		{AD932BC4-69E8-49C5-8CF7-6E87B3709CC0}.Release|Any CPU.Build.0 = Release|Any CPU
		{8B521766-9226-4F54-8965-A64E04E52DCB}.Debug|Any CPU.ActiveCfg = Debug|Any CPU
		{8B521766-9226-4F54-8965-A64E04E52DCB}.Debug|Any CPU.Build.0 = Debug|Any CPU
		{8B521766-9226-4F54-8965-A64E04E52DCB}.Release|Any CPU.ActiveCfg = Release|Any CPU
		{8B521766-9226-4F54-8965-A64E04E52DCB}.Release|Any CPU.Build.0 = Release|Any CPU
	EndGlobalSection
	GlobalSection(SolutionProperties) = preSolution
		HideSolutionNode = FALSE
	EndGlobalSection
	GlobalSection(ExtensibilityGlobals) = postSolution
		SolutionGuid = {62BE8E2E-9E6A-4E87-8AC7-69B3E78490DE}
	EndGlobalSection
EndGlobal
